
Microsoft Visual Studio Solution File, Format Version 12.00
# Visual Studio Version 16
VisualStudioVersion = 16.0.31313.79
MinimumVisualStudioVersion = 10.0.40219.1
Project("{FAE04EC0-301F-11D3-BF4B-00C04F79EFBC}") = "StopWatch", "StopWatch\StopWatch.csproj", "{4E77FDF6-4808-4F74-A10B-88156D9347F9}"
EndProject
Project("{FAE04EC0-301F-11D3-BF4B-00C04F79EFBC}") = "StopWatch.Tests", "StopWatch.Tests\StopWatch.Tests.csproj", "{2F63D63A-AA8B-46A9-A3EC-84B18DCB1A8B}"
EndProject
Global
	GlobalSection(SolutionConfigurationPlatforms) = preSolution
		Debug|Any CPU = Debug|Any CPU
		Release|Any CPU = Release|Any CPU
	EndGlobalSection
	GlobalSection(ProjectConfigurationPlatforms) = postSolution
		{4E77FDF6-4808-4F74-A10B-88156D9347F9}.Debug|Any CPU.ActiveCfg = Debug|Any CPU
		{4E77FDF6-4808-4F74-A10B-88156D9347F9}.Debug|Any CPU.Build.0 = Debug|Any CPU
		{4E77FDF6-4808-4F74-A10B-88156D9347F9}.Release|Any CPU.ActiveCfg = Release|Any CPU
		{4E77FDF6-4808-4F74-A10B-88156D9347F9}.Release|Any CPU.Build.0 = Release|Any CPU
		{2F63D63A-AA8B-46A9-A3EC-84B18DCB1A8B}.Debug|Any CPU.ActiveCfg = Debug|Any CPU
		{2F63D63A-AA8B-46A9-A3EC-84B18DCB1A8B}.Debug|Any CPU.Build.0 = Debug|Any CPU
		{2F63D63A-AA8B-46A9-A3EC-84B18DCB1A8B}.Release|Any CPU.ActiveCfg = Release|Any CPU
		{2F63D63A-AA8B-46A9-A3EC-84B18DCB1A8B}.Release|Any CPU.Build.0 = Release|Any CPU
	EndGlobalSection
	GlobalSection(SolutionProperties) = preSolution
		HideSolutionNode = FALSE
	EndGlobalSection
	GlobalSection(ExtensibilityGlobals) = postSolution
		SolutionGuid = {BBED0D3F-67AD-4336-8A4D-B5326B66829B}
	EndGlobalSection
EndGlobal
